// !$*UTF8*$!
{
	archiveVersion = 1;
	classes = {
	};
	objectVersion = 46;
	objects = {

/* Begin PBXBuildFile section */
		5FB7977F1A8EDA5900E3D3B9 /* main.m in Sources */ = {isa = PBXBuildFile; fileRef = 5FB7977E1A8EDA5900E3D3B9 /* main.m */; };
		5FB797821A8EDA5900E3D3B9 /* AppDelegate.m in Sources */ = {isa = PBXBuildFile; fileRef = 5FB797811A8EDA5900E3D3B9 /* AppDelegate.m */; };
		5FB797851A8EDA5900E3D3B9 /* FirstViewController.m in Sources */ = {isa = PBXBuildFile; fileRef = 5FB797841A8EDA5900E3D3B9 /* FirstViewController.m */; };
		5FB797881A8EDA5900E3D3B9 /* SecondViewController.m in Sources */ = {isa = PBXBuildFile; fileRef = 5FB797871A8EDA5900E3D3B9 /* SecondViewController.m */; };
		5FB7978B1A8EDA5900E3D3B9 /* Main.storyboard in Resources */ = {isa = PBXBuildFile; fileRef = 5FB797891A8EDA5900E3D3B9 /* Main.storyboard */; };
		5FB7978D1A8EDA5900E3D3B9 /* Images.xcassets in Resources */ = {isa = PBXBuildFile; fileRef = 5FB7978C1A8EDA5900E3D3B9 /* Images.xcassets */; };
		5FB797901A8EDA5900E3D3B9 /* LaunchScreen.xib in Resources */ = {isa = PBXBuildFile; fileRef = 5FB7978E1A8EDA5900E3D3B9 /* LaunchScreen.xib */; };
		5FB7979C1A8EDA5900E3D3B9 /* RibbitTests.m in Sources */ = {isa = PBXBuildFile; fileRef = 5FB7979B1A8EDA5900E3D3B9 /* RibbitTests.m */; };
/* End PBXBuildFile section */

/* Begin PBXContainerItemProxy section */
		5FB797961A8EDA5900E3D3B9 /* PBXContainerItemProxy */ = {
			isa = PBXContainerItemProxy;
			containerPortal = 5FB797711A8EDA5900E3D3B9 /* Project object */;
			proxyType = 1;
			remoteGlobalIDString = 5FB797781A8EDA5900E3D3B9;
			remoteInfo = Ribbit;
		};
/* End PBXContainerItemProxy section */

/* Begin PBXFileReference section */
		5FB797791A8EDA5900E3D3B9 /* Ribbit.app */ = {isa = PBXFileReference; explicitFileType = wrapper.application; includeInIndex = 0; path = Ribbit.app; sourceTree = BUILT_PRODUCTS_DIR; };
		5FB7977D1A8EDA5900E3D3B9 /* Info.plist */ = {isa = PBXFileReference; lastKnownFileType = text.plist.xml; path = Info.plist; sourceTree = "<group>"; };
		5FB7977E1A8EDA5900E3D3B9 /* main.m */ = {isa = PBXFileReference; lastKnownFileType = sourcecode.c.objc; path = main.m; sourceTree = "<group>"; };
		5FB797801A8EDA5900E3D3B9 /* AppDelegate.h */ = {isa = PBXFileReference; lastKnownFileType = sourcecode.c.h; path = AppDelegate.h; sourceTree = "<group>"; };
		5FB797811A8EDA5900E3D3B9 /* AppDelegate.m */ = {isa = PBXFileReference; lastKnownFileType = sourcecode.c.objc; path = AppDelegate.m; sourceTree = "<group>"; };
		5FB797831A8EDA5900E3D3B9 /* FirstViewController.h */ = {isa = PBXFileReference; lastKnownFileType = sourcecode.c.h; path = FirstViewController.h; sourceTree = "<group>"; };
		5FB797841A8EDA5900E3D3B9 /* FirstViewController.m */ = {isa = PBXFileReference; lastKnownFileType = sourcecode.c.objc; path = FirstViewController.m; sourceTree = "<group>"; };
		5FB797861A8EDA5900E3D3B9 /* SecondViewController.h */ = {isa = PBXFileReference; lastKnownFileType = sourcecode.c.h; path = SecondViewController.h; sourceTree = "<group>"; };
		5FB797871A8EDA5900E3D3B9 /* SecondViewController.m */ = {isa = PBXFileReference; lastKnownFileType = sourcecode.c.objc; path = SecondViewController.m; sourceTree = "<group>"; };
		5FB7978A1A8EDA5900E3D3B9 /* Base */ = {isa = PBXFileReference; lastKnownFileType = file.storyboard; name = Base; path = Base.lproj/Main.storyboard; sourceTree = "<group>"; };
		5FB7978C1A8EDA5900E3D3B9 /* Images.xcassets */ = {isa = PBXFileReference; lastKnownFileType = folder.assetcatalog; path = Images.xcassets; sourceTree = "<group>"; };
		5FB7978F1A8EDA5900E3D3B9 /* Base */ = {isa = PBXFileReference; lastKnownFileType = file.xib; name = Base; path = Base.lproj/LaunchScreen.xib; sourceTree = "<group>"; };
		5FB797951A8EDA5900E3D3B9 /* RibbitTests.xctest */ = {isa = PBXFileReference; explicitFileType = wrapper.cfbundle; includeInIndex = 0; path = RibbitTests.xctest; sourceTree = BUILT_PRODUCTS_DIR; };
		5FB7979A1A8EDA5900E3D3B9 /* Info.plist */ = {isa = PBXFileReference; lastKnownFileType = text.plist.xml; path = Info.plist; sourceTree = "<group>"; };
		5FB7979B1A8EDA5900E3D3B9 /* RibbitTests.m */ = {isa = PBXFileReference; lastKnownFileType = sourcecode.c.objc; path = RibbitTests.m; sourceTree = "<group>"; };
/* End PBXFileReference section */

/* Begin PBXFrameworksBuildPhase section */
		5FB797761A8EDA5900E3D3B9 /* Frameworks */ = {
			isa = PBXFrameworksBuildPhase;
			buildActionMask = 2147483647;
			files = (
			);
			runOnlyForDeploymentPostprocessing = 0;
		};
		5FB797921A8EDA5900E3D3B9 /* Frameworks */ = {
			isa = PBXFrameworksBuildPhase;
			buildActionMask = 2147483647;
			files = (
			);
			runOnlyForDeploymentPostprocessing = 0;
		};
/* End PBXFrameworksBuildPhase section */

/* Begin PBXGroup section */
		5FB797701A8EDA5900E3D3B9 = {
			isa = PBXGroup;
			children = (
				5FB7977B1A8EDA5900E3D3B9 /* Ribbit */,
				5FB797981A8EDA5900E3D3B9 /* RibbitTests */,
				5FB7977A1A8EDA5900E3D3B9 /* Products */,
			);
			sourceTree = "<group>";
		};
		5FB7977A1A8EDA5900E3D3B9 /* Products */ = {
			isa = PBXGroup;
			children = (
				5FB797791A8EDA5900E3D3B9 /* Ribbit.app */,
				5FB797951A8EDA5900E3D3B9 /* RibbitTests.xctest */,
			);
			name = Products;
			sourceTree = "<group>";
		};
		5FB7977B1A8EDA5900E3D3B9 /* Ribbit */ = {
			isa = PBXGroup;
			children = (
				5FB797801A8EDA5900E3D3B9 /* AppDelegate.h */,
				5FB797811A8EDA5900E3D3B9 /* AppDelegate.m */,
				5FB797831A8EDA5900E3D3B9 /* FirstViewController.h */,
				5FB797841A8EDA5900E3D3B9 /* FirstViewController.m */,
				5FB797861A8EDA5900E3D3B9 /* SecondViewController.h */,
				5FB797871A8EDA5900E3D3B9 /* SecondViewController.m */,
				5FB797891A8EDA5900E3D3B9 /* Main.storyboard */,
				5FB7978C1A8EDA5900E3D3B9 /* Images.xcassets */,
				5FB7978E1A8EDA5900E3D3B9 /* LaunchScreen.xib */,
				5FB7977C1A8EDA5900E3D3B9 /* Supporting Files */,
			);
			path = Ribbit;
			sourceTree = "<group>";
		};
		5FB7977C1A8EDA5900E3D3B9 /* Supporting Files */ = {
			isa = PBXGroup;
			children = (
				5FB7977D1A8EDA5900E3D3B9 /* Info.plist */,
				5FB7977E1A8EDA5900E3D3B9 /* main.m */,
			);
			name = "Supporting Files";
			sourceTree = "<group>";
		};
		5FB797981A8EDA5900E3D3B9 /* RibbitTests */ = {
			isa = PBXGroup;
			children = (
				5FB7979B1A8EDA5900E3D3B9 /* RibbitTests.m */,
				5FB797991A8EDA5900E3D3B9 /* Supporting Files */,
			);
			path = RibbitTests;
			sourceTree = "<group>";
		};
		5FB797991A8EDA5900E3D3B9 /* Supporting Files */ = {
			isa = PBXGroup;
			children = (
				5FB7979A1A8EDA5900E3D3B9 /* Info.plist */,
			);
			name = "Supporting Files";
			sourceTree = "<group>";
		};
/* End PBXGroup section */

/* Begin PBXNativeTarget section */
		5FB797781A8EDA5900E3D3B9 /* Ribbit */ = {
			isa = PBXNativeTarget;
			buildConfigurationList = 5FB7979F1A8EDA5900E3D3B9 /* Build configuration list for PBXNativeTarget "Ribbit" */;
			buildPhases = (
				5FB797751A8EDA5900E3D3B9 /* Sources */,
				5FB797761A8EDA5900E3D3B9 /* Frameworks */,
				5FB797771A8EDA5900E3D3B9 /* Resources */,
			);
			buildRules = (
			);
			dependencies = (
			);
			name = Ribbit;
			productName = Ribbit;
			productReference = 5FB797791A8EDA5900E3D3B9 /* Ribbit.app */;
			productType = "com.apple.product-type.application";
		};
		5FB797941A8EDA5900E3D3B9 /* RibbitTests */ = {
			isa = PBXNativeTarget;
			buildConfigurationList = 5FB797A21A8EDA5900E3D3B9 /* Build configuration list for PBXNativeTarget "RibbitTests" */;
			buildPhases = (
				5FB797911A8EDA5900E3D3B9 /* Sources */,
				5FB797921A8EDA5900E3D3B9 /* Frameworks */,
				5FB797931A8EDA5900E3D3B9 /* Resources */,
			);
			buildRules = (
			);
			dependencies = (
				5FB797971A8EDA5900E3D3B9 /* PBXTargetDependency */,
			);
			name = RibbitTests;
			productName = RibbitTests;
			productReference = 5FB797951A8EDA5900E3D3B9 /* RibbitTests.xctest */;
			productType = "com.apple.product-type.bundle.unit-test";
		};
/* End PBXNativeTarget section */

/* Begin PBXProject section */
		5FB797711A8EDA5900E3D3B9 /* Project object */ = {
			isa = PBXProject;
			attributes = {
				LastUpgradeCheck = 0610;
				ORGANIZATIONNAME = "Benjamine Mutebi";
				TargetAttributes = {
					5FB797781A8EDA5900E3D3B9 = {
						CreatedOnToolsVersion = 6.1.1;
					};
					5FB797941A8EDA5900E3D3B9 = {
						CreatedOnToolsVersion = 6.1.1;
						TestTargetID = 5FB797781A8EDA5900E3D3B9;
					};
				};
			};
			buildConfigurationList = 5FB797741A8EDA5900E3D3B9 /* Build configuration list for PBXProject "Ribbit" */;
			compatibilityVersion = "Xcode 3.2";
			developmentRegion = English;
			hasScannedForEncodings = 0;
			knownRegions = (
				en,
				Base,
			);
			mainGroup = 5FB797701A8EDA5900E3D3B9;
			productRefGroup = 5FB7977A1A8EDA5900E3D3B9 /* Products */;
			projectDirPath = "";
			projectRoot = "";
			targets = (
				5FB797781A8EDA5900E3D3B9 /* Ribbit */,
				5FB797941A8EDA5900E3D3B9 /* RibbitTests */,
			);
		};
/* End PBXProject section */

/* Begin PBXResourcesBuildPhase section */
		5FB797771A8EDA5900E3D3B9 /* Resources */ = {
			isa = PBXResourcesBuildPhase;
			buildActionMask = 2147483647;
			files = (
				5FB7978B1A8EDA5900E3D3B9 /* Main.storyboard in Resources */,
				5FB797901A8EDA5900E3D3B9 /* LaunchScreen.xib in Resources */,
				5FB7978D1A8EDA5900E3D3B9 /* Images.xcassets in Resources */,
			);
			runOnlyForDeploymentPostprocessing = 0;
		};
		5FB797931A8EDA5900E3D3B9 /* Resources */ = {
			isa = PBXResourcesBuildPhase;
			buildActionMask = 2147483647;
			files = (
			);
			runOnlyForDeploymentPostprocessing = 0;
		};
/* End PBXResourcesBuildPhase section */

/* Begin PBXSourcesBuildPhase section */
		5FB797751A8EDA5900E3D3B9 /* Sources */ = {
			isa = PBXSourcesBuildPhase;
			buildActionMask = 2147483647;
			files = (
				5FB797881A8EDA5900E3D3B9 /* SecondViewController.m in Sources */,
				5FB797821A8EDA5900E3D3B9 /* AppDelegate.m in Sources */,
				5FB797851A8EDA5900E3D3B9 /* FirstViewController.m in Sources */,
				5FB7977F1A8EDA5900E3D3B9 /* main.m in Sources */,
			);
			runOnlyForDeploymentPostprocessing = 0;
		};
		5FB797911A8EDA5900E3D3B9 /* Sources */ = {
			isa = PBXSourcesBuildPhase;
			buildActionMask = 2147483647;
			files = (
				5FB7979C1A8EDA5900E3D3B9 /* RibbitTests.m in Sources */,
			);
			runOnlyForDeploymentPostprocessing = 0;
		};
/* End PBXSourcesBuildPhase section */

/* Begin PBXTargetDependency section */
		5FB797971A8EDA5900E3D3B9 /* PBXTargetDependency */ = {
			isa = PBXTargetDependency;
			target = 5FB797781A8EDA5900E3D3B9 /* Ribbit */;
			targetProxy = 5FB797961A8EDA5900E3D3B9 /* PBXContainerItemProxy */;
		};
/* End PBXTargetDependency section */

/* Begin PBXVariantGroup section */
		5FB797891A8EDA5900E3D3B9 /* Main.storyboard */ = {
			isa = PBXVariantGroup;
			children = (
				5FB7978A1A8EDA5900E3D3B9 /* Base */,
			);
			name = Main.storyboard;
			sourceTree = "<group>";
		};
		5FB7978E1A8EDA5900E3D3B9 /* LaunchScreen.xib */ = {
			isa = PBXVariantGroup;
			children = (
				5FB7978F1A8EDA5900E3D3B9 /* Base */,
			);
			name = LaunchScreen.xib;
			sourceTree = "<group>";
		};
/* End PBXVariantGroup section */

/* Begin XCBuildConfiguration section */
		5FB7979D1A8EDA5900E3D3B9 /* Debug */ = {
			isa = XCBuildConfiguration;
			buildSettings = {
				ALWAYS_SEARCH_USER_PATHS = NO;
				CLANG_CXX_LANGUAGE_STANDARD = "gnu++0x";
				CLANG_CXX_LIBRARY = "libc++";
				CLANG_ENABLE_MODULES = YES;
				CLANG_ENABLE_OBJC_ARC = YES;
				CLANG_WARN_BOOL_CONVERSION = YES;
				CLANG_WARN_CONSTANT_CONVERSION = YES;
				CLANG_WARN_DIRECT_OBJC_ISA_USAGE = YES_ERROR;
				CLANG_WARN_EMPTY_BODY = YES;
				CLANG_WARN_ENUM_CONVERSION = YES;
				CLANG_WARN_INT_CONVERSION = YES;
				CLANG_WARN_OBJC_ROOT_CLASS = YES_ERROR;
				CLANG_WARN_UNREACHABLE_CODE = YES;
				CLANG_WARN__DUPLICATE_METHOD_MATCH = YES;
				"CODE_SIGN_IDENTITY[sdk=iphoneos*]" = "iPhone Developer";
				COPY_PHASE_STRIP = NO;
				ENABLE_STRICT_OBJC_MSGSEND = YES;
				GCC_C_LANGUAGE_STANDARD = gnu99;
				GCC_DYNAMIC_NO_PIC = NO;
				GCC_OPTIMIZATION_LEVEL = 0;
				GCC_PREPROCESSOR_DEFINITIONS = (
					"DEBUG=1",
					"$(inherited)",
				);
				GCC_SYMBOLS_PRIVATE_EXTERN = NO;
				GCC_WARN_64_TO_32_BIT_CONVERSION = YES;
				GCC_WARN_ABOUT_RETURN_TYPE = YES_ERROR;
				GCC_WARN_UNDECLARED_SELECTOR = YES;
				GCC_WARN_UNINITIALIZED_AUTOS = YES_AGGRESSIVE;
				GCC_WARN_UNUSED_FUNCTION = YES;
				GCC_WARN_UNUSED_VARIABLE = YES;
				IPHONEOS_DEPLOYMENT_TARGET = 8.1;
				MTL_ENABLE_DEBUG_INFO = YES;
				ONLY_ACTIVE_ARCH = YES;
				SDKROOT = iphoneos;
			};
			name = Debug;
		};
		5FB7979E1A8EDA5900E3D3B9 /* Release */ = {
			isa = XCBuildConfiguration;
			buildSettings = {
				ALWAYS_SEARCH_USER_PATHS = NO;
				CLANG_CXX_LANGUAGE_STANDARD = "gnu++0x";
				CLANG_CXX_LIBRARY = "libc++";
				CLANG_ENABLE_MODULES = YES;
				CLANG_ENABLE_OBJC_ARC = YES;
				CLANG_WARN_BOOL_CONVERSION = YES;
				CLANG_WARN_CONSTANT_CONVERSION = YES;
				CLANG_WARN_DIRECT_OBJC_ISA_USAGE = YES_ERROR;
				CLANG_WARN_EMPTY_BODY = YES;
				CLANG_WARN_ENUM_CONVERSION = YES;
				CLANG_WARN_INT_CONVERSION = YES;
				CLANG_WARN_OBJC_ROOT_CLASS = YES_ERROR;
				CLANG_WARN_UNREACHABLE_CODE = YES;
				CLANG_WARN__DUPLICATE_METHOD_MATCH = YES;
				"CODE_SIGN_IDENTITY[sdk=iphoneos*]" = "iPhone Developer";
				COPY_PHASE_STRIP = YES;
				ENABLE_NS_ASSERTIONS = NO;
				ENABLE_STRICT_OBJC_MSGSEND = YES;
				GCC_C_LANGUAGE_STANDARD = gnu99;
				GCC_WARN_64_TO_32_BIT_CONVERSION = YES;
				GCC_WARN_ABOUT_RETURN_TYPE = YES_ERROR;
				GCC_WARN_UNDECLARED_SELECTOR = YES;
				GCC_WARN_UNINITIALIZED_AUTOS = YES_AGGRESSIVE;
				GCC_WARN_UNUSED_FUNCTION = YES;
				GCC_WARN_UNUSED_VARIABLE = YES;
				IPHONEOS_DEPLOYMENT_TARGET = 8.1;
				MTL_ENABLE_DEBUG_INFO = NO;
				SDKROOT = iphoneos;
				VALIDATE_PRODUCT = YES;
			};
			name = Release;
		};
		5FB797A01A8EDA5900E3D3B9 /* Debug */ = {
			isa = XCBuildConfiguration;
			buildSettings = {
				ASSETCATALOG_COMPILER_APPICON_NAME = AppIcon;
				INFOPLIST_FILE = Ribbit/Info.plist;
				LD_RUNPATH_SEARCH_PATHS = "$(inherited) @executable_path/Frameworks";
				PRODUCT_NAME = "$(TARGET_NAME)";
			};
			name = Debug;
		};
		5FB797A11A8EDA5900E3D3B9 /* Release */ = {
			isa = XCBuildConfiguration;
			buildSettings = {
				ASSETCATALOG_COMPILER_APPICON_NAME = AppIcon;
				INFOPLIST_FILE = Ribbit/Info.plist;
				LD_RUNPATH_SEARCH_PATHS = "$(inherited) @executable_path/Frameworks";
				PRODUCT_NAME = "$(TARGET_NAME)";
			};
			name = Release;
		};
		5FB797A31A8EDA5900E3D3B9 /* Debug */ = {
			isa = XCBuildConfiguration;
			buildSettings = {
				BUNDLE_LOADER = "$(TEST_HOST)";
				FRAMEWORK_SEARCH_PATHS = (
					"$(SDKROOT)/Developer/Library/Frameworks",
					"$(inherited)",
				);
				GCC_PREPROCESSOR_DEFINITIONS = (
					"DEBUG=1",
					"$(inherited)",
				);
				INFOPLIST_FILE = RibbitTests/Info.plist;
				LD_RUNPATH_SEARCH_PATHS = "$(inherited) @executable_path/Frameworks @loader_path/Frameworks";
				PRODUCT_NAME = "$(TARGET_NAME)";
				TEST_HOST = "$(BUILT_PRODUCTS_DIR)/Ribbit.app/Ribbit";
			};
			name = Debug;
		};
		5FB797A41A8EDA5900E3D3B9 /* Release */ = {
			isa = XCBuildConfiguration;
			buildSettings = {
				BUNDLE_LOADER = "$(TEST_HOST)";
				FRAMEWORK_SEARCH_PATHS = (
					"$(SDKROOT)/Developer/Library/Frameworks",
					"$(inherited)",
				);
				INFOPLIST_FILE = RibbitTests/Info.plist;
				LD_RUNPATH_SEARCH_PATHS = "$(inherited) @executable_path/Frameworks @loader_path/Frameworks";
				PRODUCT_NAME = "$(TARGET_NAME)";
				TEST_HOST = "$(BUILT_PRODUCTS_DIR)/Ribbit.app/Ribbit";
			};
			name = Release;
		};
/* End XCBuildConfiguration section */

/* Begin XCConfigurationList section */
		5FB797741A8EDA5900E3D3B9 /* Build configuration list for PBXProject "Ribbit" */ = {
			isa = XCConfigurationList;
			buildConfigurations = (
				5FB7979D1A8EDA5900E3D3B9 /* Debug */,
				5FB7979E1A8EDA5900E3D3B9 /* Release */,
			);
			defaultConfigurationIsVisible = 0;
			defaultConfigurationName = Release;
		};
		5FB7979F1A8EDA5900E3D3B9 /* Build configuration list for PBXNativeTarget "Ribbit" */ = {
			isa = XCConfigurationList;
			buildConfigurations = (
				5FB797A01A8EDA5900E3D3B9 /* Debug */,
				5FB797A11A8EDA5900E3D3B9 /* Release */,
			);
			defaultConfigurationIsVisible = 0;
		};
		5FB797A21A8EDA5900E3D3B9 /* Build configuration list for PBXNativeTarget "RibbitTests" */ = {
			isa = XCConfigurationList;
			buildConfigurations = (
				5FB797A31A8EDA5900E3D3B9 /* Debug */,
				5FB797A41A8EDA5900E3D3B9 /* Release */,
			);
			defaultConfigurationIsVisible = 0;
		};
/* End XCConfigurationList section */
	};
	rootObject = 5FB797711A8EDA5900E3D3B9 /* Project object */;
}
