// !$*UTF8*$!
{
	archiveVersion = 1;
	classes = {
	};
	objectVersion = 46;
	objects = {

/* Begin PBXBuildFile section */
		5FB797601A8E9BD400E3D3B9 /* main.m in Sources */ = {isa = PBXBuildFile; fileRef = 5FB7975F1A8E9BD400E3D3B9 /* main.m */; };
		5FB797681A8EA77400E3D3B9 /* Employee.m in Sources */ = {isa = PBXBuildFile; fileRef = 5FB797671A8EA77400E3D3B9 /* Employee.m */; };
/* End PBXBuildFile section */

/* Begin PBXCopyFilesBuildPhase section */
		5FB7975A1A8E9BD400E3D3B9 /* CopyFiles */ = {
			isa = PBXCopyFilesBuildPhase;
			buildActionMask = 2147483647;
			dstPath = /usr/share/man/man1/;
			dstSubfolderSpec = 0;
			files = (
			);
			runOnlyForDeploymentPostprocessing = 1;
		};
/* End PBXCopyFilesBuildPhase section */

/* Begin PBXFileReference section */
		5FB7975C1A8E9BD400E3D3B9 /* homeDirectory */ = {isa = PBXFileReference; explicitFileType = "compiled.mach-o.executable"; includeInIndex = 0; path = homeDirectory; sourceTree = BUILT_PRODUCTS_DIR; };
		5FB7975F1A8E9BD400E3D3B9 /* main.m */ = {isa = PBXFileReference; lastKnownFileType = sourcecode.c.objc; path = main.m; sourceTree = "<group>"; };
		5FB797661A8EA77400E3D3B9 /* Employee.h */ = {isa = PBXFileReference; fileEncoding = 4; lastKnownFileType = sourcecode.c.h; path = Employee.h; sourceTree = "<group>"; };
		5FB797671A8EA77400E3D3B9 /* Employee.m */ = {isa = PBXFileReference; fileEncoding = 4; lastKnownFileType = sourcecode.c.objc; path = Employee.m; sourceTree = "<group>"; };
/* End PBXFileReference section */

/* Begin PBXFrameworksBuildPhase section */
		5FB797591A8E9BD400E3D3B9 /* Frameworks */ = {
			isa = PBXFrameworksBuildPhase;
			buildActionMask = 2147483647;
			files = (
			);
			runOnlyForDeploymentPostprocessing = 0;
		};
/* End PBXFrameworksBuildPhase section */

/* Begin PBXGroup section */
		5FB797531A8E9BD400E3D3B9 = {
			isa = PBXGroup;
			children = (
				5FB7975E1A8E9BD400E3D3B9 /* homeDirectory */,
				5FB7975D1A8E9BD400E3D3B9 /* Products */,
			);
			sourceTree = "<group>";
		};
		5FB7975D1A8E9BD400E3D3B9 /* Products */ = {
			isa = PBXGroup;
			children = (
				5FB7975C1A8E9BD400E3D3B9 /* homeDirectory */,
			);
			name = Products;
			sourceTree = "<group>";
		};
		5FB7975E1A8E9BD400E3D3B9 /* homeDirectory */ = {
			isa = PBXGroup;
			children = (
				5FB7975F1A8E9BD400E3D3B9 /* main.m */,
				5FB797661A8EA77400E3D3B9 /* Employee.h */,
				5FB797671A8EA77400E3D3B9 /* Employee.m */,
			);
			path = homeDirectory;
			sourceTree = "<group>";
		};
/* End PBXGroup section */

/* Begin PBXNativeTarget section */
		5FB7975B1A8E9BD400E3D3B9 /* homeDirectory */ = {
			isa = PBXNativeTarget;
			buildConfigurationList = 5FB797631A8E9BD400E3D3B9 /* Build configuration list for PBXNativeTarget "homeDirectory" */;
			buildPhases = (
				5FB797581A8E9BD400E3D3B9 /* Sources */,
				5FB797591A8E9BD400E3D3B9 /* Frameworks */,
				5FB7975A1A8E9BD400E3D3B9 /* CopyFiles */,
			);
			buildRules = (
			);
			dependencies = (
			);
			name = homeDirectory;
			productName = homeDirectory;
			productReference = 5FB7975C1A8E9BD400E3D3B9 /* homeDirectory */;
			productType = "com.apple.product-type.tool";
		};
/* End PBXNativeTarget section */

/* Begin PBXProject section */
		5FB797541A8E9BD400E3D3B9 /* Project object */ = {
			isa = PBXProject;
			attributes = {
				LastUpgradeCheck = 0610;
				ORGANIZATIONNAME = "Benjamine Mutebi";
				TargetAttributes = {
					5FB7975B1A8E9BD400E3D3B9 = {
						CreatedOnToolsVersion = 6.1.1;
					};
				};
			};
			buildConfigurationList = 5FB797571A8E9BD400E3D3B9 /* Build configuration list for PBXProject "homeDirectory" */;
			compatibilityVersion = "Xcode 3.2";
			developmentRegion = English;
			hasScannedForEncodings = 0;
			knownRegions = (
				en,
			);
			mainGroup = 5FB797531A8E9BD400E3D3B9;
			productRefGroup = 5FB7975D1A8E9BD400E3D3B9 /* Products */;
			projectDirPath = "";
			projectRoot = "";
			targets = (
				5FB7975B1A8E9BD400E3D3B9 /* homeDirectory */,
			);
		};
/* End PBXProject section */

/* Begin PBXSourcesBuildPhase section */
		5FB797581A8E9BD400E3D3B9 /* Sources */ = {
			isa = PBXSourcesBuildPhase;
			buildActionMask = 2147483647;
			files = (
				5FB797601A8E9BD400E3D3B9 /* main.m in Sources */,
				5FB797681A8EA77400E3D3B9 /* Employee.m in Sources */,
			);
			runOnlyForDeploymentPostprocessing = 0;
		};
/* End PBXSourcesBuildPhase section */

/* Begin XCBuildConfiguration section */
		5FB797611A8E9BD400E3D3B9 /* Debug */ = {
			isa = XCBuildConfiguration;
			buildSettings = {
				ALWAYS_SEARCH_USER_PATHS = NO;
				CLANG_CXX_LANGUAGE_STANDARD = "gnu++0x";
				CLANG_CXX_LIBRARY = "libc++";
				CLANG_ENABLE_MODULES = YES;
				CLANG_ENABLE_OBJC_ARC = YES;
				CLANG_WARN_BOOL_CONVERSION = YES;
				CLANG_WARN_CONSTANT_CONVERSION = YES;
				CLANG_WARN_DIRECT_OBJC_ISA_USAGE = YES_ERROR;
				CLANG_WARN_EMPTY_BODY = YES;
				CLANG_WARN_ENUM_CONVERSION = YES;
				CLANG_WARN_INT_CONVERSION = YES;
				CLANG_WARN_OBJC_ROOT_CLASS = YES_ERROR;
				CLANG_WARN_UNREACHABLE_CODE = YES;
				CLANG_WARN__DUPLICATE_METHOD_MATCH = YES;
				COPY_PHASE_STRIP = NO;
				ENABLE_STRICT_OBJC_MSGSEND = YES;
				GCC_C_LANGUAGE_STANDARD = gnu99;
				GCC_DYNAMIC_NO_PIC = NO;
				GCC_OPTIMIZATION_LEVEL = 0;
				GCC_PREPROCESSOR_DEFINITIONS = (
					"DEBUG=1",
					"$(inherited)",
				);
				GCC_SYMBOLS_PRIVATE_EXTERN = NO;
				GCC_WARN_64_TO_32_BIT_CONVERSION = YES;
				GCC_WARN_ABOUT_RETURN_TYPE = YES_ERROR;
				GCC_WARN_UNDECLARED_SELECTOR = YES;
				GCC_WARN_UNINITIALIZED_AUTOS = YES_AGGRESSIVE;
				GCC_WARN_UNUSED_FUNCTION = YES;
				GCC_WARN_UNUSED_VARIABLE = YES;
				MACOSX_DEPLOYMENT_TARGET = 10.10;
				MTL_ENABLE_DEBUG_INFO = YES;
				ONLY_ACTIVE_ARCH = YES;
				SDKROOT = macosx;
			};
			name = Debug;
		};
		5FB797621A8E9BD400E3D3B9 /* Release */ = {
			isa = XCBuildConfiguration;
			buildSettings = {
				ALWAYS_SEARCH_USER_PATHS = NO;
				CLANG_CXX_LANGUAGE_STANDARD = "gnu++0x";
				CLANG_CXX_LIBRARY = "libc++";
				CLANG_ENABLE_MODULES = YES;
				CLANG_ENABLE_OBJC_ARC = YES;
				CLANG_WARN_BOOL_CONVERSION = YES;
				CLANG_WARN_CONSTANT_CONVERSION = YES;
				CLANG_WARN_DIRECT_OBJC_ISA_USAGE = YES_ERROR;
				CLANG_WARN_EMPTY_BODY = YES;
				CLANG_WARN_ENUM_CONVERSION = YES;
				CLANG_WARN_INT_CONVERSION = YES;
				CLANG_WARN_OBJC_ROOT_CLASS = YES_ERROR;
				CLANG_WARN_UNREACHABLE_CODE = YES;
				CLANG_WARN__DUPLICATE_METHOD_MATCH = YES;
				COPY_PHASE_STRIP = YES;
				DEBUG_INFORMATION_FORMAT = "dwarf-with-dsym";
				ENABLE_NS_ASSERTIONS = NO;
				ENABLE_STRICT_OBJC_MSGSEND = YES;
				GCC_C_LANGUAGE_STANDARD = gnu99;
				GCC_WARN_64_TO_32_BIT_CONVERSION = YES;
				GCC_WARN_ABOUT_RETURN_TYPE = YES_ERROR;
				GCC_WARN_UNDECLARED_SELECTOR = YES;
				GCC_WARN_UNINITIALIZED_AUTOS = YES_AGGRESSIVE;
				GCC_WARN_UNUSED_FUNCTION = YES;
				GCC_WARN_UNUSED_VARIABLE = YES;
				MACOSX_DEPLOYMENT_TARGET = 10.10;
				MTL_ENABLE_DEBUG_INFO = NO;
				SDKROOT = macosx;
			};
			name = Release;
		};
		5FB797641A8E9BD400E3D3B9 /* Debug */ = {
			isa = XCBuildConfiguration;
			buildSettings = {
				PRODUCT_NAME = "$(TARGET_NAME)";
			};
			name = Debug;
		};
		5FB797651A8E9BD400E3D3B9 /* Release */ = {
			isa = XCBuildConfiguration;
			buildSettings = {
				PRODUCT_NAME = "$(TARGET_NAME)";
			};
			name = Release;
		};
/* End XCBuildConfiguration section */

/* Begin XCConfigurationList section */
		5FB797571A8E9BD400E3D3B9 /* Build configuration list for PBXProject "homeDirectory" */ = {
			isa = XCConfigurationList;
			buildConfigurations = (
				5FB797611A8E9BD400E3D3B9 /* Debug */,
				5FB797621A8E9BD400E3D3B9 /* Release */,
			);
			defaultConfigurationIsVisible = 0;
			defaultConfigurationName = Release;
		};
		5FB797631A8E9BD400E3D3B9 /* Build configuration list for PBXNativeTarget "homeDirectory" */ = {
			isa = XCConfigurationList;
			buildConfigurations = (
				5FB797641A8E9BD400E3D3B9 /* Debug */,
				5FB797651A8E9BD400E3D3B9 /* Release */,
			);
			defaultConfigurationIsVisible = 0;
		};
/* End XCConfigurationList section */
	};
	rootObject = 5FB797541A8E9BD400E3D3B9 /* Project object */;
}
