// !$*UTF8*$!
{
	archiveVersion = 1;
	classes = {
	};
	objectVersion = 46;
	objects = {

/* Begin PBXBuildFile section */
		5FD87BBC1A8BDEDC0037581E /* main.m in Sources */ = {isa = PBXBuildFile; fileRef = 5FD87BBB1A8BDEDC0037581E /* main.m */; };
		5FD87BC61A8BDF3E0037581E /* Employee.m in Sources */ = {isa = PBXBuildFile; fileRef = 5FD87BC51A8BDF3E0037581E /* Employee.m */; };
		5FD87BC91A8BE4280037581E /* MathUtility.m in Sources */ = {isa = PBXBuildFile; fileRef = 5FD87BC81A8BE4280037581E /* MathUtility.m */; };
/* End PBXBuildFile section */

/* Begin PBXCopyFilesBuildPhase section */
		5FD87BB61A8BDEDC0037581E /* CopyFiles */ = {
			isa = PBXCopyFilesBuildPhase;
			buildActionMask = 2147483647;
			dstPath = /usr/share/man/man1/;
			dstSubfolderSpec = 0;
			files = (
			);
			runOnlyForDeploymentPostprocessing = 1;
		};
/* End PBXCopyFilesBuildPhase section */

/* Begin PBXFileReference section */
		5FD87BB81A8BDEDC0037581E /* classes */ = {isa = PBXFileReference; explicitFileType = "compiled.mach-o.executable"; includeInIndex = 0; path = classes; sourceTree = BUILT_PRODUCTS_DIR; };
		5FD87BBB1A8BDEDC0037581E /* main.m */ = {isa = PBXFileReference; lastKnownFileType = sourcecode.c.objc; path = main.m; sourceTree = "<group>"; };
		5FD87BC41A8BDF3E0037581E /* Employee.h */ = {isa = PBXFileReference; fileEncoding = 4; lastKnownFileType = sourcecode.c.h; name = Employee.h; path = classes/Employee.h; sourceTree = "<group>"; };
		5FD87BC51A8BDF3E0037581E /* Employee.m */ = {isa = PBXFileReference; fileEncoding = 4; lastKnownFileType = sourcecode.c.objc; name = Employee.m; path = classes/Employee.m; sourceTree = "<group>"; };
		5FD87BC71A8BE4280037581E /* MathUtility.h */ = {isa = PBXFileReference; fileEncoding = 4; lastKnownFileType = sourcecode.c.h; path = MathUtility.h; sourceTree = "<group>"; };
		5FD87BC81A8BE4280037581E /* MathUtility.m */ = {isa = PBXFileReference; fileEncoding = 4; lastKnownFileType = sourcecode.c.objc; path = MathUtility.m; sourceTree = "<group>"; };
/* End PBXFileReference section */

/* Begin PBXFrameworksBuildPhase section */
		5FD87BB51A8BDEDC0037581E /* Frameworks */ = {
			isa = PBXFrameworksBuildPhase;
			buildActionMask = 2147483647;
			files = (
			);
			runOnlyForDeploymentPostprocessing = 0;
		};
/* End PBXFrameworksBuildPhase section */

/* Begin PBXGroup section */
		5FD87BAF1A8BDEDC0037581E = {
			isa = PBXGroup;
			children = (
				5FD87BC41A8BDF3E0037581E /* Employee.h */,
				5FD87BC51A8BDF3E0037581E /* Employee.m */,
				5FD87BBA1A8BDEDC0037581E /* classes */,
				5FD87BB91A8BDEDC0037581E /* Products */,
			);
			sourceTree = "<group>";
		};
		5FD87BB91A8BDEDC0037581E /* Products */ = {
			isa = PBXGroup;
			children = (
				5FD87BB81A8BDEDC0037581E /* classes */,
			);
			name = Products;
			sourceTree = "<group>";
		};
		5FD87BBA1A8BDEDC0037581E /* classes */ = {
			isa = PBXGroup;
			children = (
				5FD87BBB1A8BDEDC0037581E /* main.m */,
				5FD87BC71A8BE4280037581E /* MathUtility.h */,
				5FD87BC81A8BE4280037581E /* MathUtility.m */,
			);
			path = classes;
			sourceTree = "<group>";
		};
/* End PBXGroup section */

/* Begin PBXNativeTarget section */
		5FD87BB71A8BDEDC0037581E /* classes */ = {
			isa = PBXNativeTarget;
			buildConfigurationList = 5FD87BBF1A8BDEDC0037581E /* Build configuration list for PBXNativeTarget "classes" */;
			buildPhases = (
				5FD87BB41A8BDEDC0037581E /* Sources */,
				5FD87BB51A8BDEDC0037581E /* Frameworks */,
				5FD87BB61A8BDEDC0037581E /* CopyFiles */,
			);
			buildRules = (
			);
			dependencies = (
			);
			name = classes;
			productName = classes;
			productReference = 5FD87BB81A8BDEDC0037581E /* classes */;
			productType = "com.apple.product-type.tool";
		};
/* End PBXNativeTarget section */

/* Begin PBXProject section */
		5FD87BB01A8BDEDC0037581E /* Project object */ = {
			isa = PBXProject;
			attributes = {
				LastUpgradeCheck = 0610;
				ORGANIZATIONNAME = "Benjamine Mutebi";
				TargetAttributes = {
					5FD87BB71A8BDEDC0037581E = {
						CreatedOnToolsVersion = 6.1.1;
					};
				};
			};
			buildConfigurationList = 5FD87BB31A8BDEDC0037581E /* Build configuration list for PBXProject "classes" */;
			compatibilityVersion = "Xcode 3.2";
			developmentRegion = English;
			hasScannedForEncodings = 0;
			knownRegions = (
				en,
			);
			mainGroup = 5FD87BAF1A8BDEDC0037581E;
			productRefGroup = 5FD87BB91A8BDEDC0037581E /* Products */;
			projectDirPath = "";
			projectRoot = "";
			targets = (
				5FD87BB71A8BDEDC0037581E /* classes */,
			);
		};
/* End PBXProject section */

/* Begin PBXSourcesBuildPhase section */
		5FD87BB41A8BDEDC0037581E /* Sources */ = {
			isa = PBXSourcesBuildPhase;
			buildActionMask = 2147483647;
			files = (
				5FD87BC91A8BE4280037581E /* MathUtility.m in Sources */,
				5FD87BBC1A8BDEDC0037581E /* main.m in Sources */,
				5FD87BC61A8BDF3E0037581E /* Employee.m in Sources */,
			);
			runOnlyForDeploymentPostprocessing = 0;
		};
/* End PBXSourcesBuildPhase section */

/* Begin XCBuildConfiguration section */
		5FD87BBD1A8BDEDC0037581E /* Debug */ = {
			isa = XCBuildConfiguration;
			buildSettings = {
				ALWAYS_SEARCH_USER_PATHS = NO;
				CLANG_CXX_LANGUAGE_STANDARD = "gnu++0x";
				CLANG_CXX_LIBRARY = "libc++";
				CLANG_ENABLE_MODULES = YES;
				CLANG_ENABLE_OBJC_ARC = YES;
				CLANG_WARN_BOOL_CONVERSION = YES;
				CLANG_WARN_CONSTANT_CONVERSION = YES;
				CLANG_WARN_DIRECT_OBJC_ISA_USAGE = YES_ERROR;
				CLANG_WARN_EMPTY_BODY = YES;
				CLANG_WARN_ENUM_CONVERSION = YES;
				CLANG_WARN_INT_CONVERSION = YES;
				CLANG_WARN_OBJC_ROOT_CLASS = YES_ERROR;
				CLANG_WARN_UNREACHABLE_CODE = YES;
				CLANG_WARN__DUPLICATE_METHOD_MATCH = YES;
				COPY_PHASE_STRIP = NO;
				ENABLE_STRICT_OBJC_MSGSEND = YES;
				GCC_C_LANGUAGE_STANDARD = gnu99;
				GCC_DYNAMIC_NO_PIC = NO;
				GCC_OPTIMIZATION_LEVEL = 0;
				GCC_PREPROCESSOR_DEFINITIONS = (
					"DEBUG=1",
					"$(inherited)",
				);
				GCC_SYMBOLS_PRIVATE_EXTERN = NO;
				GCC_WARN_64_TO_32_BIT_CONVERSION = YES;
				GCC_WARN_ABOUT_RETURN_TYPE = YES_ERROR;
				GCC_WARN_UNDECLARED_SELECTOR = YES;
				GCC_WARN_UNINITIALIZED_AUTOS = YES_AGGRESSIVE;
				GCC_WARN_UNUSED_FUNCTION = YES;
				GCC_WARN_UNUSED_VARIABLE = YES;
				MACOSX_DEPLOYMENT_TARGET = 10.10;
				MTL_ENABLE_DEBUG_INFO = YES;
				ONLY_ACTIVE_ARCH = YES;
				SDKROOT = macosx;
			};
			name = Debug;
		};
		5FD87BBE1A8BDEDC0037581E /* Release */ = {
			isa = XCBuildConfiguration;
			buildSettings = {
				ALWAYS_SEARCH_USER_PATHS = NO;
				CLANG_CXX_LANGUAGE_STANDARD = "gnu++0x";
				CLANG_CXX_LIBRARY = "libc++";
				CLANG_ENABLE_MODULES = YES;
				CLANG_ENABLE_OBJC_ARC = YES;
				CLANG_WARN_BOOL_CONVERSION = YES;
				CLANG_WARN_CONSTANT_CONVERSION = YES;
				CLANG_WARN_DIRECT_OBJC_ISA_USAGE = YES_ERROR;
				CLANG_WARN_EMPTY_BODY = YES;
				CLANG_WARN_ENUM_CONVERSION = YES;
				CLANG_WARN_INT_CONVERSION = YES;
				CLANG_WARN_OBJC_ROOT_CLASS = YES_ERROR;
				CLANG_WARN_UNREACHABLE_CODE = YES;
				CLANG_WARN__DUPLICATE_METHOD_MATCH = YES;
				COPY_PHASE_STRIP = YES;
				DEBUG_INFORMATION_FORMAT = "dwarf-with-dsym";
				ENABLE_NS_ASSERTIONS = NO;
				ENABLE_STRICT_OBJC_MSGSEND = YES;
				GCC_C_LANGUAGE_STANDARD = gnu99;
				GCC_WARN_64_TO_32_BIT_CONVERSION = YES;
				GCC_WARN_ABOUT_RETURN_TYPE = YES_ERROR;
				GCC_WARN_UNDECLARED_SELECTOR = YES;
				GCC_WARN_UNINITIALIZED_AUTOS = YES_AGGRESSIVE;
				GCC_WARN_UNUSED_FUNCTION = YES;
				GCC_WARN_UNUSED_VARIABLE = YES;
				MACOSX_DEPLOYMENT_TARGET = 10.10;
				MTL_ENABLE_DEBUG_INFO = NO;
				SDKROOT = macosx;
			};
			name = Release;
		};
		5FD87BC01A8BDEDC0037581E /* Debug */ = {
			isa = XCBuildConfiguration;
			buildSettings = {
				PRODUCT_NAME = "$(TARGET_NAME)";
			};
			name = Debug;
		};
		5FD87BC11A8BDEDC0037581E /* Release */ = {
			isa = XCBuildConfiguration;
			buildSettings = {
				PRODUCT_NAME = "$(TARGET_NAME)";
			};
			name = Release;
		};
/* End XCBuildConfiguration section */

/* Begin XCConfigurationList section */
		5FD87BB31A8BDEDC0037581E /* Build configuration list for PBXProject "classes" */ = {
			isa = XCConfigurationList;
			buildConfigurations = (
				5FD87BBD1A8BDEDC0037581E /* Debug */,
				5FD87BBE1A8BDEDC0037581E /* Release */,
			);
			defaultConfigurationIsVisible = 0;
			defaultConfigurationName = Release;
		};
		5FD87BBF1A8BDEDC0037581E /* Build configuration list for PBXNativeTarget "classes" */ = {
			isa = XCConfigurationList;
			buildConfigurations = (
				5FD87BC01A8BDEDC0037581E /* Debug */,
				5FD87BC11A8BDEDC0037581E /* Release */,
			);
			defaultConfigurationIsVisible = 0;
		};
/* End XCConfigurationList section */
	};
	rootObject = 5FD87BB01A8BDEDC0037581E /* Project object */;
}
